
Microsoft Visual Studio Solution File, Format Version 12.00
# Visual Studio Version 17
VisualStudioVersion = 17.9.34701.34
MinimumVisualStudioVersion = 10.0.40219.1
Project("{2150E333-8FDC-42A3-9474-1A3956D46DE8}") = "Source", "Source", "{4B49F30F-9DC9-4EAF-BF67-D13E6E0763AA}"
EndProject
Project("{2150E333-8FDC-42A3-9474-1A3956D46DE8}") = "App", "App", "{DCDEF26F-25C9-4AD9-84C2-DAF67B6293F3}"
EndProject
Project("{2150E333-8FDC-42A3-9474-1A3956D46DE8}") = "Deployments", "Deployments", "{D091B628-82EE-44CA-8A64-F9BFBB5DDE01}"
EndProject
Project("{2150E333-8FDC-42A3-9474-1A3956D46DE8}") = "Libraries", "Libraries", "{50A23B9C-2432-475C-B734-F2171FCE7E3A}"
EndProject
Project("{9A19103F-16F7-4668-BE54-9A1E7A4F7556}") = "Blazr", "..\..\Libraries\Blazr\Blazr.csproj", "{F02BC415-229F-48B8-BE2D-65560A0A7E57}"
EndProject
Project("{9A19103F-16F7-4668-BE54-9A1E7A4F7556}") = "Blazr.Components", "..\..\Libraries\Blazr.Components\Blazr.Components.csproj", "{12C6DAAC-5D8B-42C8-B08D-181ABA3E2A06}"
EndProject
Project("{9A19103F-16F7-4668-BE54-9A1E7A4F7556}") = "Blazr.EditStateTracker", "..\..\Libraries\Blazr.EditStateTracker\Blazr.EditStateTracker.csproj", "{C37532ED-D4DE-4318-9A0A-E39340BCE209}"
EndProject
Project("{9A19103F-16F7-4668-BE54-9A1E7A4F7556}") = "Blazr.OneWayStreet", "..\..\Libraries\Blazr.OneWayStreet\Blazr.OneWayStreet.csproj", "{4D9BF5C3-5653-4AFE-AC5B-DFEC276BC902}"
EndProject
Project("{9A19103F-16F7-4668-BE54-9A1E7A4F7556}") = "Blazr.App.Core", "App\Blazr.App.Core\Blazr.App.Core.csproj", "{8FF7CBFC-33CD-4292-9256-5CC874C05ABC}"
EndProject
Project("{9A19103F-16F7-4668-BE54-9A1E7A4F7556}") = "Blazr.App.Presentation", "App\Blazr.App.Presentation\Blazr.App.Presentation.csproj", "{492AAED9-060B-4CE2-901F-2DA2AAACAF6B}"
EndProject
Project("{9A19103F-16F7-4668-BE54-9A1E7A4F7556}") = "Blazr.App.Infrastructure", "App\Blazr.App.Infrastructure\Blazr.App.Infrastructure.csproj", "{79666ECC-567E-42A8-97E6-43F6DBF35CA1}"
EndProject
Project("{9A19103F-16F7-4668-BE54-9A1E7A4F7556}") = "Blazr.App.UI.FluentUI", "App\Blazr.App.UI.FluentUI\Blazr.App.UI.FluentUI.csproj", "{C947C6B1-9401-494C-9AD3-173E49BBFADC}"
EndProject
Project("{2150E333-8FDC-42A3-9474-1A3956D46DE8}") = "FluentUI", "FluentUI", "{BAF256BE-FFC5-481B-B9BC-3E73F9332A74}"
EndProject
Project("{2150E333-8FDC-42A3-9474-1A3956D46DE8}") = "Aspire", "Aspire", "{5665E66A-373C-41FF-9848-F0749EC84258}"
EndProject
Project("{2150E333-8FDC-42A3-9474-1A3956D46DE8}") = "Solution Items", "Solution Items", "{84D04988-28FC-4ECF-A012-79D08F5AC84F}"
	ProjectSection(SolutionItems) = preProject
		..\..\..\Notes\Entities\Aggregates.md = ..\..\..\Notes\Entities\Aggregates.md
		error.txt = error.txt
	EndProjectSection
EndProject
Project("{9A19103F-16F7-4668-BE54-9A1E7A4F7556}") = "Blazr.Bootstrap", "..\..\Libraries\Blazr.Bootstrap\Blazr.Bootstrap.csproj", "{76AB3549-182A-4A5A-9351-3E4FF7CD8CF7}"
EndProject
Project("{9A19103F-16F7-4668-BE54-9A1E7A4F7556}") = "Blazr.App.Fluent.Server", "Deployments\Blazr.App.Fluent.Server\Blazr.App.Fluent.Server.csproj", "{216478B4-193D-498B-B4B2-5BDCD2C9B580}"
EndProject
Project("{9A19103F-16F7-4668-BE54-9A1E7A4F7556}") = "Blazr.FluxGate", "..\..\Libraries\Blazr.FluxGate\Blazr.FluxGate.csproj", "{92C2201F-EC7D-46D4-81C6-E329B2657583}"
EndProject
Project("{9A19103F-16F7-4668-BE54-9A1E7A4F7556}") = "Blazr.FluentUI", "..\..\Libraries\Blazr.FluentUI\Blazr.FluentUI.csproj", "{48FF90B6-DCC5-4365-B62E-7EA041BEE08E}"
EndProject
Global
	GlobalSection(SolutionConfigurationPlatforms) = preSolution
		Debug|Any CPU = Debug|Any CPU
		Release|Any CPU = Release|Any CPU
	EndGlobalSection
	GlobalSection(ProjectConfigurationPlatforms) = postSolution
		{F02BC415-229F-48B8-BE2D-65560A0A7E57}.Debug|Any CPU.ActiveCfg = Debug|Any CPU
		{F02BC415-229F-48B8-BE2D-65560A0A7E57}.Debug|Any CPU.Build.0 = Debug|Any CPU
		{F02BC415-229F-48B8-BE2D-65560A0A7E57}.Release|Any CPU.ActiveCfg = Release|Any CPU
		{F02BC415-229F-48B8-BE2D-65560A0A7E57}.Release|Any CPU.Build.0 = Release|Any CPU
		{12C6DAAC-5D8B-42C8-B08D-181ABA3E2A06}.Debug|Any CPU.ActiveCfg = Debug|Any CPU
		{12C6DAAC-5D8B-42C8-B08D-181ABA3E2A06}.Debug|Any CPU.Build.0 = Debug|Any CPU
		{12C6DAAC-5D8B-42C8-B08D-181ABA3E2A06}.Release|Any CPU.ActiveCfg = Release|Any CPU
		{12C6DAAC-5D8B-42C8-B08D-181ABA3E2A06}.Release|Any CPU.Build.0 = Release|Any CPU
		{C37532ED-D4DE-4318-9A0A-E39340BCE209}.Debug|Any CPU.ActiveCfg = Debug|Any CPU
		{C37532ED-D4DE-4318-9A0A-E39340BCE209}.Debug|Any CPU.Build.0 = Debug|Any CPU
		{C37532ED-D4DE-4318-9A0A-E39340BCE209}.Release|Any CPU.ActiveCfg = Release|Any CPU
		{C37532ED-D4DE-4318-9A0A-E39340BCE209}.Release|Any CPU.Build.0 = Release|Any CPU
		{4D9BF5C3-5653-4AFE-AC5B-DFEC276BC902}.Debug|Any CPU.ActiveCfg = Debug|Any CPU
		{4D9BF5C3-5653-4AFE-AC5B-DFEC276BC902}.Debug|Any CPU.Build.0 = Debug|Any CPU
		{4D9BF5C3-5653-4AFE-AC5B-DFEC276BC902}.Release|Any CPU.ActiveCfg = Release|Any CPU
		{4D9BF5C3-5653-4AFE-AC5B-DFEC276BC902}.Release|Any CPU.Build.0 = Release|Any CPU
		{8FF7CBFC-33CD-4292-9256-5CC874C05ABC}.Debug|Any CPU.ActiveCfg = Debug|Any CPU
		{8FF7CBFC-33CD-4292-9256-5CC874C05ABC}.Debug|Any CPU.Build.0 = Debug|Any CPU
		{8FF7CBFC-33CD-4292-9256-5CC874C05ABC}.Release|Any CPU.ActiveCfg = Release|Any CPU
		{8FF7CBFC-33CD-4292-9256-5CC874C05ABC}.Release|Any CPU.Build.0 = Release|Any CPU
		{492AAED9-060B-4CE2-901F-2DA2AAACAF6B}.Debug|Any CPU.ActiveCfg = Debug|Any CPU
		{492AAED9-060B-4CE2-901F-2DA2AAACAF6B}.Debug|Any CPU.Build.0 = Debug|Any CPU
		{492AAED9-060B-4CE2-901F-2DA2AAACAF6B}.Release|Any CPU.ActiveCfg = Release|Any CPU
		{492AAED9-060B-4CE2-901F-2DA2AAACAF6B}.Release|Any CPU.Build.0 = Release|Any CPU
		{79666ECC-567E-42A8-97E6-43F6DBF35CA1}.Debug|Any CPU.ActiveCfg = Debug|Any CPU
		{79666ECC-567E-42A8-97E6-43F6DBF35CA1}.Debug|Any CPU.Build.0 = Debug|Any CPU
		{79666ECC-567E-42A8-97E6-43F6DBF35CA1}.Release|Any CPU.ActiveCfg = Release|Any CPU
		{79666ECC-567E-42A8-97E6-43F6DBF35CA1}.Release|Any CPU.Build.0 = Release|Any CPU
		{C947C6B1-9401-494C-9AD3-173E49BBFADC}.Debug|Any CPU.ActiveCfg = Debug|Any CPU
		{C947C6B1-9401-494C-9AD3-173E49BBFADC}.Debug|Any CPU.Build.0 = Debug|Any CPU
		{C947C6B1-9401-494C-9AD3-173E49BBFADC}.Release|Any CPU.ActiveCfg = Release|Any CPU
		{C947C6B1-9401-494C-9AD3-173E49BBFADC}.Release|Any CPU.Build.0 = Release|Any CPU
		{76AB3549-182A-4A5A-9351-3E4FF7CD8CF7}.Debug|Any CPU.ActiveCfg = Debug|Any CPU
		{76AB3549-182A-4A5A-9351-3E4FF7CD8CF7}.Debug|Any CPU.Build.0 = Debug|Any CPU
		{76AB3549-182A-4A5A-9351-3E4FF7CD8CF7}.Release|Any CPU.ActiveCfg = Release|Any CPU
		{76AB3549-182A-4A5A-9351-3E4FF7CD8CF7}.Release|Any CPU.Build.0 = Release|Any CPU
		{216478B4-193D-498B-B4B2-5BDCD2C9B580}.Debug|Any CPU.ActiveCfg = Debug|Any CPU
		{216478B4-193D-498B-B4B2-5BDCD2C9B580}.Debug|Any CPU.Build.0 = Debug|Any CPU
		{216478B4-193D-498B-B4B2-5BDCD2C9B580}.Release|Any CPU.ActiveCfg = Release|Any CPU
		{216478B4-193D-498B-B4B2-5BDCD2C9B580}.Release|Any CPU.Build.0 = Release|Any CPU
		{92C2201F-EC7D-46D4-81C6-E329B2657583}.Debug|Any CPU.ActiveCfg = Debug|Any CPU
		{92C2201F-EC7D-46D4-81C6-E329B2657583}.Debug|Any CPU.Build.0 = Debug|Any CPU
		{92C2201F-EC7D-46D4-81C6-E329B2657583}.Release|Any CPU.ActiveCfg = Release|Any CPU
		{92C2201F-EC7D-46D4-81C6-E329B2657583}.Release|Any CPU.Build.0 = Release|Any CPU
		{48FF90B6-DCC5-4365-B62E-7EA041BEE08E}.Debug|Any CPU.ActiveCfg = Debug|Any CPU
		{48FF90B6-DCC5-4365-B62E-7EA041BEE08E}.Debug|Any CPU.Build.0 = Debug|Any CPU
		{48FF90B6-DCC5-4365-B62E-7EA041BEE08E}.Release|Any CPU.ActiveCfg = Release|Any CPU
		{48FF90B6-DCC5-4365-B62E-7EA041BEE08E}.Release|Any CPU.Build.0 = Release|Any CPU
	EndGlobalSection
	GlobalSection(SolutionProperties) = preSolution
		HideSolutionNode = FALSE
	EndGlobalSection
	GlobalSection(NestedProjects) = preSolution
		{DCDEF26F-25C9-4AD9-84C2-DAF67B6293F3} = {4B49F30F-9DC9-4EAF-BF67-D13E6E0763AA}
		{D091B628-82EE-44CA-8A64-F9BFBB5DDE01} = {4B49F30F-9DC9-4EAF-BF67-D13E6E0763AA}
		{50A23B9C-2432-475C-B734-F2171FCE7E3A} = {4B49F30F-9DC9-4EAF-BF67-D13E6E0763AA}
		{F02BC415-229F-48B8-BE2D-65560A0A7E57} = {50A23B9C-2432-475C-B734-F2171FCE7E3A}
		{12C6DAAC-5D8B-42C8-B08D-181ABA3E2A06} = {50A23B9C-2432-475C-B734-F2171FCE7E3A}
		{C37532ED-D4DE-4318-9A0A-E39340BCE209} = {50A23B9C-2432-475C-B734-F2171FCE7E3A}
		{4D9BF5C3-5653-4AFE-AC5B-DFEC276BC902} = {50A23B9C-2432-475C-B734-F2171FCE7E3A}
		{8FF7CBFC-33CD-4292-9256-5CC874C05ABC} = {DCDEF26F-25C9-4AD9-84C2-DAF67B6293F3}
		{492AAED9-060B-4CE2-901F-2DA2AAACAF6B} = {DCDEF26F-25C9-4AD9-84C2-DAF67B6293F3}
		{79666ECC-567E-42A8-97E6-43F6DBF35CA1} = {DCDEF26F-25C9-4AD9-84C2-DAF67B6293F3}
		{C947C6B1-9401-494C-9AD3-173E49BBFADC} = {DCDEF26F-25C9-4AD9-84C2-DAF67B6293F3}
		{BAF256BE-FFC5-481B-B9BC-3E73F9332A74} = {D091B628-82EE-44CA-8A64-F9BFBB5DDE01}
		{76AB3549-182A-4A5A-9351-3E4FF7CD8CF7} = {50A23B9C-2432-475C-B734-F2171FCE7E3A}
		{216478B4-193D-498B-B4B2-5BDCD2C9B580} = {BAF256BE-FFC5-481B-B9BC-3E73F9332A74}
		{92C2201F-EC7D-46D4-81C6-E329B2657583} = {50A23B9C-2432-475C-B734-F2171FCE7E3A}
		{48FF90B6-DCC5-4365-B62E-7EA041BEE08E} = {50A23B9C-2432-475C-B734-F2171FCE7E3A}
	EndGlobalSection
	GlobalSection(ExtensibilityGlobals) = postSolution
		SolutionGuid = {7E4B6467-F90A-4290-A13E-5954C4E5D08C}
	EndGlobalSection
EndGlobal
