
Microsoft Visual Studio Solution File, Format Version 12.00
# Visual Studio Version 17
VisualStudioVersion = 17.6.33801.468
MinimumVisualStudioVersion = 10.0.40219.1
Project("{2150E333-8FDC-42A3-9474-1A3956D46DE8}") = "Tests", "Tests", "{3202D38B-2447-47BF-BC01-4B4EBE4AD1EB}"
EndProject
Project("{2150E333-8FDC-42A3-9474-1A3956D46DE8}") = "Applications", "Applications", "{B510AAB1-D896-44C1-AD47-06FE8B2B2B3F}"
EndProject
Project("{2150E333-8FDC-42A3-9474-1A3956D46DE8}") = "Notes", "Notes", "{7A66F7C4-E8B1-4F9B-924D-9F948B7C97EE}"
EndProject
Project("{2150E333-8FDC-42A3-9474-1A3956D46DE8}") = "Solution Items", "Solution Items", "{F4A9813B-DACD-4868-B440-A64CA9DFE6D3}"
	ProjectSection(SolutionItems) = preProject
		readme.md = readme.md
	EndProjectSection
EndProject
Project("{2150E333-8FDC-42A3-9474-1A3956D46DE8}") = "Deployments", "Deployments", "{A41A7D64-4604-4F01-B4EA-DAF75ED4A900}"
EndProject
Project("{2150E333-8FDC-42A3-9474-1A3956D46DE8}") = "Data Pipeline", "Data Pipeline", "{E828B3D5-D907-4466-9847-38B3A4257128}"
	ProjectSection(SolutionItems) = preProject
		Notes\Data Pipeline\Commands.md = Notes\Data Pipeline\Commands.md
		Notes\Data Pipeline\Data-Pipeline.md = Notes\Data Pipeline\Data-Pipeline.md
		Notes\Data Pipeline\Item-Requests.md = Notes\Data Pipeline\Item-Requests.md
		Notes\Data Pipeline\List-Requests.md = Notes\Data Pipeline\List-Requests.md
	EndProjectSection
EndProject
Project("{2150E333-8FDC-42A3-9474-1A3956D46DE8}") = "Entities", "Entities", "{6A95252C-4B3E-473A-953F-16929B064A64}"
	ProjectSection(SolutionItems) = preProject
		Notes\Entities\Aggregates.md = Notes\Entities\Aggregates.md
		Notes\Entities\Entity-Objects.md = Notes\Entities\Entity-Objects.md
		Notes\Entities\Group-Entities.md = Notes\Entities\Group-Entities.md
	EndProjectSection
EndProject
Project("{2150E333-8FDC-42A3-9474-1A3956D46DE8}") = "Lists", "Lists", "{3416A04A-864D-46C1-AC05-E304501FA288}"
	ProjectSection(SolutionItems) = preProject
		Notes\Lists\List-Controller.md = Notes\Lists\List-Controller.md
		Notes\Lists\Lists-in-the-UI.md = Notes\Lists\Lists-in-the-UI.md
	EndProjectSection
EndProject
Project("{2150E333-8FDC-42A3-9474-1A3956D46DE8}") = "Libraries", "Libraries", "{3C6624D6-FC28-4230-B8E7-AF2F5C0B229B}"
EndProject
Project("{2150E333-8FDC-42A3-9474-1A3956D46DE8}") = "Blazr.Weather", "Blazr.Weather", "{7BFD4D1C-6E50-44DE-B037-ECAAFD3C2F1A}"
EndProject
Global
	GlobalSection(SolutionProperties) = preSolution
		HideSolutionNode = FALSE
	EndGlobalSection
	GlobalSection(NestedProjects) = preSolution
		{E828B3D5-D907-4466-9847-38B3A4257128} = {7A66F7C4-E8B1-4F9B-924D-9F948B7C97EE}
		{6A95252C-4B3E-473A-953F-16929B064A64} = {7A66F7C4-E8B1-4F9B-924D-9F948B7C97EE}
		{3416A04A-864D-46C1-AC05-E304501FA288} = {7A66F7C4-E8B1-4F9B-924D-9F948B7C97EE}
		{7BFD4D1C-6E50-44DE-B037-ECAAFD3C2F1A} = {B510AAB1-D896-44C1-AD47-06FE8B2B2B3F}
	EndGlobalSection
	GlobalSection(ExtensibilityGlobals) = postSolution
		SolutionGuid = {990115E5-5129-41F0-AACF-598505F1FD10}
	EndGlobalSection
EndGlobal
