
Microsoft Visual Studio Solution File, Format Version 12.00
# Visual Studio Version 17
VisualStudioVersion = 17.9.34701.34
MinimumVisualStudioVersion = 10.0.40219.1
Project("{2150E333-8FDC-42A3-9474-1A3956D46DE8}") = "Source", "Source", "{C46BDB18-CFD1-402F-8E1E-E9DBEA66024B}"
EndProject
Project("{2150E333-8FDC-42A3-9474-1A3956D46DE8}") = "Libraries", "Libraries", "{5BD42DD4-7575-4C63-9B93-78B77376CAAC}"
EndProject
Project("{9A19103F-16F7-4668-BE54-9A1E7A4F7556}") = "Blazr", "..\..\Libraries\Blazr\Blazr.csproj", "{0586EC5E-FE04-4CDC-B4C6-25072AF08EA6}"
EndProject
Project("{9A19103F-16F7-4668-BE54-9A1E7A4F7556}") = "Blazr.OneWayStreet", "..\..\Libraries\Blazr.OneWayStreet\Blazr.OneWayStreet.csproj", "{946CB1C4-EE23-4814-82B1-3DC129C12A7A}"
EndProject
Project("{9A19103F-16F7-4668-BE54-9A1E7A4F7556}") = "Blazr.EditStateTracker", "..\..\Libraries\Blazr.EditStateTracker\Blazr.EditStateTracker.csproj", "{53AE79FE-14D8-4267-A370-18160FD5FF98}"
EndProject
Project("{9A19103F-16F7-4668-BE54-9A1E7A4F7556}") = "Blazr.Components", "..\..\Libraries\Blazr.Components\Blazr.Components.csproj", "{08D80DCB-6FEF-4615-A4F1-EE57A60189CA}"
EndProject
Project("{2150E333-8FDC-42A3-9474-1A3956D46DE8}") = "App", "App", "{8586352C-E909-4DAF-BFE3-67F19258D1DA}"
EndProject
Project("{2150E333-8FDC-42A3-9474-1A3956D46DE8}") = "Deployments", "Deployments", "{7195E0D7-CEA4-46FB-B05F-5C1356675632}"
EndProject
Project("{9A19103F-16F7-4668-BE54-9A1E7A4F7556}") = "Blazr.App.Core", "App\Blazr.App.Core\Blazr.App.Core.csproj", "{D0A0F069-6EA6-41F9-9423-ECDE196AE899}"
EndProject
Project("{9A19103F-16F7-4668-BE54-9A1E7A4F7556}") = "Blazr.App.Presentation", "App\Blazr.App.Presentation\Blazr.App.Presentation.csproj", "{492EC799-1B8F-4426-868F-F3105573E24C}"
EndProject
Project("{9A19103F-16F7-4668-BE54-9A1E7A4F7556}") = "Blazr.App.FluentUI", "App\Blazr.App.FluentUI\Blazr.App.FluentUI.csproj", "{C194C712-4195-4890-9CF8-16A2E2442DFA}"
EndProject
Project("{9A19103F-16F7-4668-BE54-9A1E7A4F7556}") = "Blazr.App.Infrastructure", "App\Blazr.App.Infrastructure\Blazr.App.Infrastructure.csproj", "{F70D0267-01F5-4F27-BDFA-FC5BEA51931F}"
EndProject
Project("{9A19103F-16F7-4668-BE54-9A1E7A4F7556}") = "Blazr.App.Fluent.Server", "Deployments\Blazr.App.Fluent.Server\Blazr.App.Fluent.Server.csproj", "{B64A5E68-4E43-455F-B595-0024459BE1C9}"
EndProject
Project("{2150E333-8FDC-42A3-9474-1A3956D46DE8}") = "Notes", "Notes", "{BACA9390-F662-4A47-833B-5294A92C9270}"
EndProject
Project("{2150E333-8FDC-42A3-9474-1A3956D46DE8}") = "Data Pipeline", "Data Pipeline", "{9ED1DACA-06D6-4C70-9F36-023DA0D9877C}"
EndProject
Project("{9A19103F-16F7-4668-BE54-9A1E7A4F7556}") = "Blazr.App.Fluent.WASM.Client", "Deployments\Blazr.App.Fluent.WASM\Blazr.App.Fluent.WASM.Client\Blazr.App.Fluent.WASM.Client.csproj", "{35DBBC5A-C813-4A59-9013-07ED394DCB3F}"
EndProject
Project("{9A19103F-16F7-4668-BE54-9A1E7A4F7556}") = "Blazr.App.Fluent.WASM.Server", "Deployments\Blazr.App.Fluent.WASM\Blazr.App.Fluent.WASM.Server\Blazr.App.Fluent.WASM.Server.csproj", "{0FBA2CAC-6B6C-4DCB-9065-95CEBEC8B7EE}"
EndProject
Project("{9A19103F-16F7-4668-BE54-9A1E7A4F7556}") = "Blazr.Weather.AppHost", "Blazr.Weather.AppHost\Blazr.Weather.AppHost.csproj", "{6EE505DE-01E0-4D07-805E-9993781BE04C}"
EndProject
Project("{9A19103F-16F7-4668-BE54-9A1E7A4F7556}") = "Blazr.Weather.ServiceDefaults", "Blazr.Weather.ServiceDefaults\Blazr.Weather.ServiceDefaults.csproj", "{FAE1523F-59A7-41F6-BFB0-BC6FE0816C66}"
EndProject
Project("{2150E333-8FDC-42A3-9474-1A3956D46DE8}") = "Aspire", "Aspire", "{A0B73802-157E-4CF5-BD54-D2CC5B76EC24}"
EndProject
Project("{9A19103F-16F7-4668-BE54-9A1E7A4F7556}") = "Blazr.App.API", "App\Blazr.App.API\Blazr.App.API.csproj", "{89B0BE95-0E5E-4959-B988-586744CCDC3D}"
EndProject
Project("{2150E333-8FDC-42A3-9474-1A3956D46DE8}") = "MudBlazor", "MudBlazor", "{75F6EC35-E7F2-4ACB-92B7-4BEEC096632D}"
EndProject
Project("{2150E333-8FDC-42A3-9474-1A3956D46DE8}") = "Fluent", "Fluent", "{D5AA4A3A-1B50-4C63-9EEF-1C1953D5F3C7}"
EndProject
Project("{9A19103F-16F7-4668-BE54-9A1E7A4F7556}") = "Blazr.Validation", "..\..\Libraries\Blazr.Validation\Blazr.Validation.csproj", "{6BD3C095-1452-4996-A6AA-32C4DA1FB846}"
EndProject
Project("{9A19103F-16F7-4668-BE54-9A1E7A4F7556}") = "Blazr.App.MudBlazor.Server", "Deployments\Blazr.App.MuBlazor.Server\Blazr.App.MudBlazor.Server.csproj", "{609E27B3-5258-4100-B380-527EBD84F904}"
EndProject
Project("{9A19103F-16F7-4668-BE54-9A1E7A4F7556}") = "Blazr.App.UI.MudBlazor", "App\Blazr.App.UI.MudBlazor\Blazr.App.UI.MudBlazor.csproj", "{29B85635-4C87-433B-8BFB-0531A8127A45}"
EndProject
Project("{9A19103F-16F7-4668-BE54-9A1E7A4F7556}") = "Blazr.App.UI.Vanilla", "App\Blazr.App.UI.Vanilla\Blazr.App.UI.Vanilla.csproj", "{A7C4A201-BD50-4653-8E5C-E4296E22728C}"
EndProject
Project("{2150E333-8FDC-42A3-9474-1A3956D46DE8}") = "Vanilla", "Vanilla", "{E556039F-9D3E-4A8C-8117-B20CD6452578}"
EndProject
Project("{9A19103F-16F7-4668-BE54-9A1E7A4F7556}") = "Blazr.App.Vanilla.Server", "Deployments\Blazr.App.Vanilla.Server\Blazr.App.Vanilla.Server.csproj", "{D18D6CDC-89AD-47E0-AD26-FEBA603688DF}"
EndProject
Global
	GlobalSection(SolutionConfigurationPlatforms) = preSolution
		Debug|Any CPU = Debug|Any CPU
		Release|Any CPU = Release|Any CPU
	EndGlobalSection
	GlobalSection(ProjectConfigurationPlatforms) = postSolution
		{0586EC5E-FE04-4CDC-B4C6-25072AF08EA6}.Debug|Any CPU.ActiveCfg = Debug|Any CPU
		{0586EC5E-FE04-4CDC-B4C6-25072AF08EA6}.Debug|Any CPU.Build.0 = Debug|Any CPU
		{0586EC5E-FE04-4CDC-B4C6-25072AF08EA6}.Release|Any CPU.ActiveCfg = Release|Any CPU
		{0586EC5E-FE04-4CDC-B4C6-25072AF08EA6}.Release|Any CPU.Build.0 = Release|Any CPU
		{946CB1C4-EE23-4814-82B1-3DC129C12A7A}.Debug|Any CPU.ActiveCfg = Debug|Any CPU
		{946CB1C4-EE23-4814-82B1-3DC129C12A7A}.Debug|Any CPU.Build.0 = Debug|Any CPU
		{946CB1C4-EE23-4814-82B1-3DC129C12A7A}.Release|Any CPU.ActiveCfg = Release|Any CPU
		{946CB1C4-EE23-4814-82B1-3DC129C12A7A}.Release|Any CPU.Build.0 = Release|Any CPU
		{53AE79FE-14D8-4267-A370-18160FD5FF98}.Debug|Any CPU.ActiveCfg = Debug|Any CPU
		{53AE79FE-14D8-4267-A370-18160FD5FF98}.Debug|Any CPU.Build.0 = Debug|Any CPU
		{53AE79FE-14D8-4267-A370-18160FD5FF98}.Release|Any CPU.ActiveCfg = Release|Any CPU
		{53AE79FE-14D8-4267-A370-18160FD5FF98}.Release|Any CPU.Build.0 = Release|Any CPU
		{08D80DCB-6FEF-4615-A4F1-EE57A60189CA}.Debug|Any CPU.ActiveCfg = Debug|Any CPU
		{08D80DCB-6FEF-4615-A4F1-EE57A60189CA}.Debug|Any CPU.Build.0 = Debug|Any CPU
		{08D80DCB-6FEF-4615-A4F1-EE57A60189CA}.Release|Any CPU.ActiveCfg = Release|Any CPU
		{08D80DCB-6FEF-4615-A4F1-EE57A60189CA}.Release|Any CPU.Build.0 = Release|Any CPU
		{D0A0F069-6EA6-41F9-9423-ECDE196AE899}.Debug|Any CPU.ActiveCfg = Debug|Any CPU
		{D0A0F069-6EA6-41F9-9423-ECDE196AE899}.Debug|Any CPU.Build.0 = Debug|Any CPU
		{D0A0F069-6EA6-41F9-9423-ECDE196AE899}.Release|Any CPU.ActiveCfg = Release|Any CPU
		{D0A0F069-6EA6-41F9-9423-ECDE196AE899}.Release|Any CPU.Build.0 = Release|Any CPU
		{492EC799-1B8F-4426-868F-F3105573E24C}.Debug|Any CPU.ActiveCfg = Debug|Any CPU
		{492EC799-1B8F-4426-868F-F3105573E24C}.Debug|Any CPU.Build.0 = Debug|Any CPU
		{492EC799-1B8F-4426-868F-F3105573E24C}.Release|Any CPU.ActiveCfg = Release|Any CPU
		{492EC799-1B8F-4426-868F-F3105573E24C}.Release|Any CPU.Build.0 = Release|Any CPU
		{C194C712-4195-4890-9CF8-16A2E2442DFA}.Debug|Any CPU.ActiveCfg = Debug|Any CPU
		{C194C712-4195-4890-9CF8-16A2E2442DFA}.Debug|Any CPU.Build.0 = Debug|Any CPU
		{C194C712-4195-4890-9CF8-16A2E2442DFA}.Release|Any CPU.ActiveCfg = Release|Any CPU
		{C194C712-4195-4890-9CF8-16A2E2442DFA}.Release|Any CPU.Build.0 = Release|Any CPU
		{F70D0267-01F5-4F27-BDFA-FC5BEA51931F}.Debug|Any CPU.ActiveCfg = Debug|Any CPU
		{F70D0267-01F5-4F27-BDFA-FC5BEA51931F}.Debug|Any CPU.Build.0 = Debug|Any CPU
		{F70D0267-01F5-4F27-BDFA-FC5BEA51931F}.Release|Any CPU.ActiveCfg = Release|Any CPU
		{F70D0267-01F5-4F27-BDFA-FC5BEA51931F}.Release|Any CPU.Build.0 = Release|Any CPU
		{B64A5E68-4E43-455F-B595-0024459BE1C9}.Debug|Any CPU.ActiveCfg = Debug|Any CPU
		{B64A5E68-4E43-455F-B595-0024459BE1C9}.Debug|Any CPU.Build.0 = Debug|Any CPU
		{B64A5E68-4E43-455F-B595-0024459BE1C9}.Release|Any CPU.ActiveCfg = Release|Any CPU
		{B64A5E68-4E43-455F-B595-0024459BE1C9}.Release|Any CPU.Build.0 = Release|Any CPU
		{35DBBC5A-C813-4A59-9013-07ED394DCB3F}.Debug|Any CPU.ActiveCfg = Debug|Any CPU
		{35DBBC5A-C813-4A59-9013-07ED394DCB3F}.Debug|Any CPU.Build.0 = Debug|Any CPU
		{35DBBC5A-C813-4A59-9013-07ED394DCB3F}.Release|Any CPU.ActiveCfg = Release|Any CPU
		{35DBBC5A-C813-4A59-9013-07ED394DCB3F}.Release|Any CPU.Build.0 = Release|Any CPU
		{0FBA2CAC-6B6C-4DCB-9065-95CEBEC8B7EE}.Debug|Any CPU.ActiveCfg = Debug|Any CPU
		{0FBA2CAC-6B6C-4DCB-9065-95CEBEC8B7EE}.Debug|Any CPU.Build.0 = Debug|Any CPU
		{0FBA2CAC-6B6C-4DCB-9065-95CEBEC8B7EE}.Release|Any CPU.ActiveCfg = Release|Any CPU
		{0FBA2CAC-6B6C-4DCB-9065-95CEBEC8B7EE}.Release|Any CPU.Build.0 = Release|Any CPU
		{6EE505DE-01E0-4D07-805E-9993781BE04C}.Debug|Any CPU.ActiveCfg = Debug|Any CPU
		{6EE505DE-01E0-4D07-805E-9993781BE04C}.Debug|Any CPU.Build.0 = Debug|Any CPU
		{6EE505DE-01E0-4D07-805E-9993781BE04C}.Release|Any CPU.ActiveCfg = Release|Any CPU
		{6EE505DE-01E0-4D07-805E-9993781BE04C}.Release|Any CPU.Build.0 = Release|Any CPU
		{FAE1523F-59A7-41F6-BFB0-BC6FE0816C66}.Debug|Any CPU.ActiveCfg = Debug|Any CPU
		{FAE1523F-59A7-41F6-BFB0-BC6FE0816C66}.Debug|Any CPU.Build.0 = Debug|Any CPU
		{FAE1523F-59A7-41F6-BFB0-BC6FE0816C66}.Release|Any CPU.ActiveCfg = Release|Any CPU
		{FAE1523F-59A7-41F6-BFB0-BC6FE0816C66}.Release|Any CPU.Build.0 = Release|Any CPU
		{89B0BE95-0E5E-4959-B988-586744CCDC3D}.Debug|Any CPU.ActiveCfg = Debug|Any CPU
		{89B0BE95-0E5E-4959-B988-586744CCDC3D}.Debug|Any CPU.Build.0 = Debug|Any CPU
		{89B0BE95-0E5E-4959-B988-586744CCDC3D}.Release|Any CPU.ActiveCfg = Release|Any CPU
		{89B0BE95-0E5E-4959-B988-586744CCDC3D}.Release|Any CPU.Build.0 = Release|Any CPU
		{6BD3C095-1452-4996-A6AA-32C4DA1FB846}.Debug|Any CPU.ActiveCfg = Debug|Any CPU
		{6BD3C095-1452-4996-A6AA-32C4DA1FB846}.Debug|Any CPU.Build.0 = Debug|Any CPU
		{6BD3C095-1452-4996-A6AA-32C4DA1FB846}.Release|Any CPU.ActiveCfg = Release|Any CPU
		{6BD3C095-1452-4996-A6AA-32C4DA1FB846}.Release|Any CPU.Build.0 = Release|Any CPU
		{609E27B3-5258-4100-B380-527EBD84F904}.Debug|Any CPU.ActiveCfg = Debug|Any CPU
		{609E27B3-5258-4100-B380-527EBD84F904}.Debug|Any CPU.Build.0 = Debug|Any CPU
		{609E27B3-5258-4100-B380-527EBD84F904}.Release|Any CPU.ActiveCfg = Release|Any CPU
		{609E27B3-5258-4100-B380-527EBD84F904}.Release|Any CPU.Build.0 = Release|Any CPU
		{29B85635-4C87-433B-8BFB-0531A8127A45}.Debug|Any CPU.ActiveCfg = Debug|Any CPU
		{29B85635-4C87-433B-8BFB-0531A8127A45}.Debug|Any CPU.Build.0 = Debug|Any CPU
		{29B85635-4C87-433B-8BFB-0531A8127A45}.Release|Any CPU.ActiveCfg = Release|Any CPU
		{29B85635-4C87-433B-8BFB-0531A8127A45}.Release|Any CPU.Build.0 = Release|Any CPU
		{A7C4A201-BD50-4653-8E5C-E4296E22728C}.Debug|Any CPU.ActiveCfg = Debug|Any CPU
		{A7C4A201-BD50-4653-8E5C-E4296E22728C}.Debug|Any CPU.Build.0 = Debug|Any CPU
		{A7C4A201-BD50-4653-8E5C-E4296E22728C}.Release|Any CPU.ActiveCfg = Release|Any CPU
		{A7C4A201-BD50-4653-8E5C-E4296E22728C}.Release|Any CPU.Build.0 = Release|Any CPU
		{D18D6CDC-89AD-47E0-AD26-FEBA603688DF}.Debug|Any CPU.ActiveCfg = Debug|Any CPU
		{D18D6CDC-89AD-47E0-AD26-FEBA603688DF}.Debug|Any CPU.Build.0 = Debug|Any CPU
		{D18D6CDC-89AD-47E0-AD26-FEBA603688DF}.Release|Any CPU.ActiveCfg = Release|Any CPU
		{D18D6CDC-89AD-47E0-AD26-FEBA603688DF}.Release|Any CPU.Build.0 = Release|Any CPU
	EndGlobalSection
	GlobalSection(SolutionProperties) = preSolution
		HideSolutionNode = FALSE
	EndGlobalSection
	GlobalSection(NestedProjects) = preSolution
		{5BD42DD4-7575-4C63-9B93-78B77376CAAC} = {C46BDB18-CFD1-402F-8E1E-E9DBEA66024B}
		{0586EC5E-FE04-4CDC-B4C6-25072AF08EA6} = {5BD42DD4-7575-4C63-9B93-78B77376CAAC}
		{946CB1C4-EE23-4814-82B1-3DC129C12A7A} = {5BD42DD4-7575-4C63-9B93-78B77376CAAC}
		{53AE79FE-14D8-4267-A370-18160FD5FF98} = {5BD42DD4-7575-4C63-9B93-78B77376CAAC}
		{08D80DCB-6FEF-4615-A4F1-EE57A60189CA} = {5BD42DD4-7575-4C63-9B93-78B77376CAAC}
		{8586352C-E909-4DAF-BFE3-67F19258D1DA} = {C46BDB18-CFD1-402F-8E1E-E9DBEA66024B}
		{7195E0D7-CEA4-46FB-B05F-5C1356675632} = {C46BDB18-CFD1-402F-8E1E-E9DBEA66024B}
		{D0A0F069-6EA6-41F9-9423-ECDE196AE899} = {8586352C-E909-4DAF-BFE3-67F19258D1DA}
		{492EC799-1B8F-4426-868F-F3105573E24C} = {8586352C-E909-4DAF-BFE3-67F19258D1DA}
		{C194C712-4195-4890-9CF8-16A2E2442DFA} = {8586352C-E909-4DAF-BFE3-67F19258D1DA}
		{F70D0267-01F5-4F27-BDFA-FC5BEA51931F} = {8586352C-E909-4DAF-BFE3-67F19258D1DA}
		{B64A5E68-4E43-455F-B595-0024459BE1C9} = {D5AA4A3A-1B50-4C63-9EEF-1C1953D5F3C7}
		{9ED1DACA-06D6-4C70-9F36-023DA0D9877C} = {BACA9390-F662-4A47-833B-5294A92C9270}
		{35DBBC5A-C813-4A59-9013-07ED394DCB3F} = {D5AA4A3A-1B50-4C63-9EEF-1C1953D5F3C7}
		{0FBA2CAC-6B6C-4DCB-9065-95CEBEC8B7EE} = {D5AA4A3A-1B50-4C63-9EEF-1C1953D5F3C7}
		{6EE505DE-01E0-4D07-805E-9993781BE04C} = {A0B73802-157E-4CF5-BD54-D2CC5B76EC24}
		{FAE1523F-59A7-41F6-BFB0-BC6FE0816C66} = {A0B73802-157E-4CF5-BD54-D2CC5B76EC24}
		{89B0BE95-0E5E-4959-B988-586744CCDC3D} = {8586352C-E909-4DAF-BFE3-67F19258D1DA}
		{75F6EC35-E7F2-4ACB-92B7-4BEEC096632D} = {7195E0D7-CEA4-46FB-B05F-5C1356675632}
		{D5AA4A3A-1B50-4C63-9EEF-1C1953D5F3C7} = {7195E0D7-CEA4-46FB-B05F-5C1356675632}
		{6BD3C095-1452-4996-A6AA-32C4DA1FB846} = {5BD42DD4-7575-4C63-9B93-78B77376CAAC}
		{609E27B3-5258-4100-B380-527EBD84F904} = {75F6EC35-E7F2-4ACB-92B7-4BEEC096632D}
		{29B85635-4C87-433B-8BFB-0531A8127A45} = {8586352C-E909-4DAF-BFE3-67F19258D1DA}
		{A7C4A201-BD50-4653-8E5C-E4296E22728C} = {8586352C-E909-4DAF-BFE3-67F19258D1DA}
		{E556039F-9D3E-4A8C-8117-B20CD6452578} = {7195E0D7-CEA4-46FB-B05F-5C1356675632}
		{D18D6CDC-89AD-47E0-AD26-FEBA603688DF} = {E556039F-9D3E-4A8C-8117-B20CD6452578}
	EndGlobalSection
	GlobalSection(ExtensibilityGlobals) = postSolution
		SolutionGuid = {4BFC383C-CBF4-49EE-BBD6-4E95F57CF086}
	EndGlobalSection
EndGlobal
