
Microsoft Visual Studio Solution File, Format Version 12.00
# Visual Studio Version 17
VisualStudioVersion = 17.9.34701.34
MinimumVisualStudioVersion = 10.0.40219.1
Project("{2150E333-8FDC-42A3-9474-1A3956D46DE8}") = "Source", "Source", "{C46BDB18-CFD1-402F-8E1E-E9DBEA66024B}"
EndProject
Project("{2150E333-8FDC-42A3-9474-1A3956D46DE8}") = "Libraries", "Libraries", "{5BD42DD4-7575-4C63-9B93-78B77376CAAC}"
EndProject
Project("{9A19103F-16F7-4668-BE54-9A1E7A4F7556}") = "Blazr", "..\..\Libraries\Blazr\Blazr.csproj", "{0586EC5E-FE04-4CDC-B4C6-25072AF08EA6}"
EndProject
Project("{9A19103F-16F7-4668-BE54-9A1E7A4F7556}") = "Blazr.OneWayStreet", "..\..\Libraries\Blazr.OneWayStreet\Blazr.OneWayStreet.csproj", "{946CB1C4-EE23-4814-82B1-3DC129C12A7A}"
EndProject
Project("{9A19103F-16F7-4668-BE54-9A1E7A4F7556}") = "Blazr.EditStateTracker", "..\..\Libraries\Blazr.EditStateTracker\Blazr.EditStateTracker.csproj", "{53AE79FE-14D8-4267-A370-18160FD5FF98}"
EndProject
Project("{9A19103F-16F7-4668-BE54-9A1E7A4F7556}") = "Blazr.Components", "..\..\Libraries\Blazr.Components\Blazr.Components.csproj", "{08D80DCB-6FEF-4615-A4F1-EE57A60189CA}"
EndProject
Project("{2150E333-8FDC-42A3-9474-1A3956D46DE8}") = "App", "App", "{8586352C-E909-4DAF-BFE3-67F19258D1DA}"
EndProject
Project("{2150E333-8FDC-42A3-9474-1A3956D46DE8}") = "Deployments", "Deployments", "{7195E0D7-CEA4-46FB-B05F-5C1356675632}"
EndProject
Project("{9A19103F-16F7-4668-BE54-9A1E7A4F7556}") = "Blazr.App.Core", "App\Blazr.App.Core\Blazr.App.Core.csproj", "{D0A0F069-6EA6-41F9-9423-ECDE196AE899}"
EndProject
Project("{9A19103F-16F7-4668-BE54-9A1E7A4F7556}") = "Blazr.App.Presentation", "App\Blazr.App.Presentation\Blazr.App.Presentation.csproj", "{492EC799-1B8F-4426-868F-F3105573E24C}"
EndProject
Project("{9A19103F-16F7-4668-BE54-9A1E7A4F7556}") = "Blazr.App.Infrastructure", "App\Blazr.App.Infrastructure\Blazr.App.Infrastructure.csproj", "{F70D0267-01F5-4F27-BDFA-FC5BEA51931F}"
EndProject
Project("{2150E333-8FDC-42A3-9474-1A3956D46DE8}") = "Notes", "Notes", "{BACA9390-F662-4A47-833B-5294A92C9270}"
EndProject
Project("{2150E333-8FDC-42A3-9474-1A3956D46DE8}") = "Data Pipeline", "Data Pipeline", "{9ED1DACA-06D6-4C70-9F36-023DA0D9877C}"
EndProject
Project("{9A19103F-16F7-4668-BE54-9A1E7A4F7556}") = "Blazr.Weather.AppHost", "Blazr.Weather.AppHost\Blazr.Weather.AppHost.csproj", "{6EE505DE-01E0-4D07-805E-9993781BE04C}"
EndProject
Project("{9A19103F-16F7-4668-BE54-9A1E7A4F7556}") = "Blazr.Weather.ServiceDefaults", "Blazr.Weather.ServiceDefaults\Blazr.Weather.ServiceDefaults.csproj", "{FAE1523F-59A7-41F6-BFB0-BC6FE0816C66}"
EndProject
Project("{2150E333-8FDC-42A3-9474-1A3956D46DE8}") = "Aspire", "Aspire", "{A0B73802-157E-4CF5-BD54-D2CC5B76EC24}"
EndProject
Project("{9A19103F-16F7-4668-BE54-9A1E7A4F7556}") = "Blazr.App.API", "App\Blazr.App.API\Blazr.App.API.csproj", "{89B0BE95-0E5E-4959-B988-586744CCDC3D}"
EndProject
Project("{2150E333-8FDC-42A3-9474-1A3956D46DE8}") = "MudBlazor", "MudBlazor", "{75F6EC35-E7F2-4ACB-92B7-4BEEC096632D}"
EndProject
Project("{2150E333-8FDC-42A3-9474-1A3956D46DE8}") = "Fluent", "Fluent", "{D5AA4A3A-1B50-4C63-9EEF-1C1953D5F3C7}"
EndProject
Project("{9A19103F-16F7-4668-BE54-9A1E7A4F7556}") = "Blazr.Validation", "..\..\Libraries\Blazr.Validation\Blazr.Validation.csproj", "{6BD3C095-1452-4996-A6AA-32C4DA1FB846}"
EndProject
Project("{9A19103F-16F7-4668-BE54-9A1E7A4F7556}") = "Blazr.App.UI.Vanilla", "App\Blazr.App.UI.Vanilla\Blazr.App.UI.Vanilla.csproj", "{A7C4A201-BD50-4653-8E5C-E4296E22728C}"
EndProject
Project("{2150E333-8FDC-42A3-9474-1A3956D46DE8}") = "Vanilla", "Vanilla", "{E556039F-9D3E-4A8C-8117-B20CD6452578}"
EndProject
Project("{9A19103F-16F7-4668-BE54-9A1E7A4F7556}") = "Blazr.App.UI.FluentUI", "App\Blazr.App.UI.FluentUI\Blazr.App.UI.FluentUI.csproj", "{C371EDB8-8E54-4189-A251-BF104E2EF442}"
EndProject
Project("{9A19103F-16F7-4668-BE54-9A1E7A4F7556}") = "Blazr.App.UI.Mud", "App\Blazr.App.UI.Mud\Blazr.App.UI.Mud.csproj", "{F7C1DB1B-D905-4A23-A056-6890055388A0}"
EndProject
Project("{9A19103F-16F7-4668-BE54-9A1E7A4F7556}") = "Blazr.App.Vanilla.WASM.Server", "Deployments\Vanilla\Blazr.App.Vanilla.WASM.Server\Blazr.App.Vanilla.WASM.Server.csproj", "{7FB5660A-F20E-4D84-9A77-244951FA614A}"
EndProject
Project("{9A19103F-16F7-4668-BE54-9A1E7A4F7556}") = "Blazr.App.Vanilla.WASM.Client", "Deployments\Vanilla\Blazr.App.Vanilla.WASM.Client\Blazr.App.Vanilla.WASM.Client.csproj", "{DB162B6A-62DC-47F8-BCB6-1A0D8BCAD5B4}"
EndProject
Project("{9A19103F-16F7-4668-BE54-9A1E7A4F7556}") = "Blazr.App.Fluent.Server", "Deployments\FluentUI\Blazr.App.Fluent.Server\Blazr.App.Fluent.Server.csproj", "{53414A54-C681-4B7C-AE9B-4712EAD873CD}"
EndProject
Project("{9A19103F-16F7-4668-BE54-9A1E7A4F7556}") = "Blazr.App.Fluent.WASM.Client", "Deployments\FluentUI\Blazr.App.Fluent.WASM.Client\Blazr.App.Fluent.WASM.Client.csproj", "{74E1A444-EC7A-4631-AB0D-2238B4A154B5}"
EndProject
Project("{9A19103F-16F7-4668-BE54-9A1E7A4F7556}") = "Blazr.App.Fluent.WASM.Server", "Deployments\FluentUI\Blazr.App.Fluent.WASM.Server\Blazr.App.Fluent.WASM.Server.csproj", "{54D63450-203B-48B1-8F6C-8F2661DD6AFB}"
EndProject
Project("{9A19103F-16F7-4668-BE54-9A1E7A4F7556}") = "Blazr.App.MudBlazor.Server", "Deployments\MudBlazor\Blazr.App.MudBlazor.Server\Blazr.App.MudBlazor.Server.csproj", "{6078F5D4-CF28-4A7F-A19C-8A4257FEC0FA}"
EndProject
Project("{9A19103F-16F7-4668-BE54-9A1E7A4F7556}") = "Blazr.App.Vanilla.Server", "Deployments\Vanilla\Blazr.App.Vanilla.Server\Blazr.App.Vanilla.Server.csproj", "{28925034-7FF5-4F0C-A42B-CA968FEAC56A}"
EndProject
Project("{9A19103F-16F7-4668-BE54-9A1E7A4F7556}") = "Blazr.App.MudBlazor.WASM.Client", "Deployments\MudBlazor\Blazr.App.MudBlazor.WASM.Client\Blazr.App.MudBlazor.WASM.Client.csproj", "{42776228-998C-46AE-8A92-006E8457825A}"
EndProject
Project("{9A19103F-16F7-4668-BE54-9A1E7A4F7556}") = "Blazr.App.MudBlazor.WASM.Server", "Deployments\MudBlazor\Blazr.App.MudBlazor.WASM.Server\Blazr.App.MudBlazor.WASM.Server.csproj", "{F04658F4-FC0C-424C-95B8-49A875F6206C}"
EndProject
Project("{2150E333-8FDC-42A3-9474-1A3956D46DE8}") = "Tests", "Tests", "{E46C8B7C-0BEE-40BF-A6EE-68DC0ADFAA76}"
EndProject
Project("{9A19103F-16F7-4668-BE54-9A1E7A4F7556}") = "Blazr.Test", "..\..\..\Tests\Blazr.Test\Blazr.Test.csproj", "{95557E16-085B-4666-805A-F175CC2B6BB3}"
EndProject
Project("{9A19103F-16F7-4668-BE54-9A1E7A4F7556}") = "Blazr.Bootstrap", "..\..\Libraries\Blazr.Bootstrap\Blazr.Bootstrap.csproj", "{21524FEE-3CD6-4582-9A16-6016753D8D63}"
EndProject
Project("{2150E333-8FDC-42A3-9474-1A3956D46DE8}") = "Solution Items", "Solution Items", "{EB9D36F4-6F2F-4E70-B592-2F7806AB212D}"
	ProjectSection(SolutionItems) = preProject
		errormessage.txt = errormessage.txt
	EndProjectSection
EndProject
Project("{9A19103F-16F7-4668-BE54-9A1E7A4F7556}") = "Blazr.FluentUI", "..\..\Libraries\Blazr.FluentUI\Blazr.FluentUI.csproj", "{4B6F8B76-92A4-40D4-BB0F-7C2672C9A35C}"
EndProject
Project("{9A19103F-16F7-4668-BE54-9A1E7A4F7556}") = "Blazr.Mud", "..\..\Libraries\Blazr.Mud\Blazr.Mud.csproj", "{1BF88C43-1772-4E6B-87DA-035CCFCA8C9D}"
EndProject
Project("{FAE04EC0-301F-11D3-BF4B-00C04F79EFBC}") = "Blazr.App.Presentation.FluentUI", "App\Blazr.App.Presentation.FluentUI\Blazr.App.Presentation.FluentUI.csproj", "{39DD2229-B75F-4959-9326-72BE892FC4FF}"
EndProject
Project("{FAE04EC0-301F-11D3-BF4B-00C04F79EFBC}") = "Blazr.App.Presentation.Mud", "App\Blazr.App.Presentation.Mud\Blazr.App.Presentation.Mud.csproj", "{F57C7E3B-F44D-48E3-AD85-25D86AB2947B}"
EndProject
Global
	GlobalSection(SolutionConfigurationPlatforms) = preSolution
		Debug|Any CPU = Debug|Any CPU
		Release|Any CPU = Release|Any CPU
	EndGlobalSection
	GlobalSection(ProjectConfigurationPlatforms) = postSolution
		{0586EC5E-FE04-4CDC-B4C6-25072AF08EA6}.Debug|Any CPU.ActiveCfg = Debug|Any CPU
		{0586EC5E-FE04-4CDC-B4C6-25072AF08EA6}.Debug|Any CPU.Build.0 = Debug|Any CPU
		{0586EC5E-FE04-4CDC-B4C6-25072AF08EA6}.Release|Any CPU.ActiveCfg = Release|Any CPU
		{0586EC5E-FE04-4CDC-B4C6-25072AF08EA6}.Release|Any CPU.Build.0 = Release|Any CPU
		{946CB1C4-EE23-4814-82B1-3DC129C12A7A}.Debug|Any CPU.ActiveCfg = Debug|Any CPU
		{946CB1C4-EE23-4814-82B1-3DC129C12A7A}.Debug|Any CPU.Build.0 = Debug|Any CPU
		{946CB1C4-EE23-4814-82B1-3DC129C12A7A}.Release|Any CPU.ActiveCfg = Release|Any CPU
		{946CB1C4-EE23-4814-82B1-3DC129C12A7A}.Release|Any CPU.Build.0 = Release|Any CPU
		{53AE79FE-14D8-4267-A370-18160FD5FF98}.Debug|Any CPU.ActiveCfg = Debug|Any CPU
		{53AE79FE-14D8-4267-A370-18160FD5FF98}.Debug|Any CPU.Build.0 = Debug|Any CPU
		{53AE79FE-14D8-4267-A370-18160FD5FF98}.Release|Any CPU.ActiveCfg = Release|Any CPU
		{53AE79FE-14D8-4267-A370-18160FD5FF98}.Release|Any CPU.Build.0 = Release|Any CPU
		{08D80DCB-6FEF-4615-A4F1-EE57A60189CA}.Debug|Any CPU.ActiveCfg = Debug|Any CPU
		{08D80DCB-6FEF-4615-A4F1-EE57A60189CA}.Debug|Any CPU.Build.0 = Debug|Any CPU
		{08D80DCB-6FEF-4615-A4F1-EE57A60189CA}.Release|Any CPU.ActiveCfg = Release|Any CPU
		{08D80DCB-6FEF-4615-A4F1-EE57A60189CA}.Release|Any CPU.Build.0 = Release|Any CPU
		{D0A0F069-6EA6-41F9-9423-ECDE196AE899}.Debug|Any CPU.ActiveCfg = Debug|Any CPU
		{D0A0F069-6EA6-41F9-9423-ECDE196AE899}.Debug|Any CPU.Build.0 = Debug|Any CPU
		{D0A0F069-6EA6-41F9-9423-ECDE196AE899}.Release|Any CPU.ActiveCfg = Release|Any CPU
		{D0A0F069-6EA6-41F9-9423-ECDE196AE899}.Release|Any CPU.Build.0 = Release|Any CPU
		{492EC799-1B8F-4426-868F-F3105573E24C}.Debug|Any CPU.ActiveCfg = Debug|Any CPU
		{492EC799-1B8F-4426-868F-F3105573E24C}.Debug|Any CPU.Build.0 = Debug|Any CPU
		{492EC799-1B8F-4426-868F-F3105573E24C}.Release|Any CPU.ActiveCfg = Release|Any CPU
		{492EC799-1B8F-4426-868F-F3105573E24C}.Release|Any CPU.Build.0 = Release|Any CPU
		{F70D0267-01F5-4F27-BDFA-FC5BEA51931F}.Debug|Any CPU.ActiveCfg = Debug|Any CPU
		{F70D0267-01F5-4F27-BDFA-FC5BEA51931F}.Debug|Any CPU.Build.0 = Debug|Any CPU
		{F70D0267-01F5-4F27-BDFA-FC5BEA51931F}.Release|Any CPU.ActiveCfg = Release|Any CPU
		{F70D0267-01F5-4F27-BDFA-FC5BEA51931F}.Release|Any CPU.Build.0 = Release|Any CPU
		{6EE505DE-01E0-4D07-805E-9993781BE04C}.Debug|Any CPU.ActiveCfg = Debug|Any CPU
		{6EE505DE-01E0-4D07-805E-9993781BE04C}.Debug|Any CPU.Build.0 = Debug|Any CPU
		{6EE505DE-01E0-4D07-805E-9993781BE04C}.Release|Any CPU.ActiveCfg = Release|Any CPU
		{6EE505DE-01E0-4D07-805E-9993781BE04C}.Release|Any CPU.Build.0 = Release|Any CPU
		{FAE1523F-59A7-41F6-BFB0-BC6FE0816C66}.Debug|Any CPU.ActiveCfg = Debug|Any CPU
		{FAE1523F-59A7-41F6-BFB0-BC6FE0816C66}.Debug|Any CPU.Build.0 = Debug|Any CPU
		{FAE1523F-59A7-41F6-BFB0-BC6FE0816C66}.Release|Any CPU.ActiveCfg = Release|Any CPU
		{FAE1523F-59A7-41F6-BFB0-BC6FE0816C66}.Release|Any CPU.Build.0 = Release|Any CPU
		{89B0BE95-0E5E-4959-B988-586744CCDC3D}.Debug|Any CPU.ActiveCfg = Debug|Any CPU
		{89B0BE95-0E5E-4959-B988-586744CCDC3D}.Debug|Any CPU.Build.0 = Debug|Any CPU
		{89B0BE95-0E5E-4959-B988-586744CCDC3D}.Release|Any CPU.ActiveCfg = Release|Any CPU
		{89B0BE95-0E5E-4959-B988-586744CCDC3D}.Release|Any CPU.Build.0 = Release|Any CPU
		{6BD3C095-1452-4996-A6AA-32C4DA1FB846}.Debug|Any CPU.ActiveCfg = Debug|Any CPU
		{6BD3C095-1452-4996-A6AA-32C4DA1FB846}.Debug|Any CPU.Build.0 = Debug|Any CPU
		{6BD3C095-1452-4996-A6AA-32C4DA1FB846}.Release|Any CPU.ActiveCfg = Release|Any CPU
		{6BD3C095-1452-4996-A6AA-32C4DA1FB846}.Release|Any CPU.Build.0 = Release|Any CPU
		{A7C4A201-BD50-4653-8E5C-E4296E22728C}.Debug|Any CPU.ActiveCfg = Debug|Any CPU
		{A7C4A201-BD50-4653-8E5C-E4296E22728C}.Debug|Any CPU.Build.0 = Debug|Any CPU
		{A7C4A201-BD50-4653-8E5C-E4296E22728C}.Release|Any CPU.ActiveCfg = Release|Any CPU
		{A7C4A201-BD50-4653-8E5C-E4296E22728C}.Release|Any CPU.Build.0 = Release|Any CPU
		{C371EDB8-8E54-4189-A251-BF104E2EF442}.Debug|Any CPU.ActiveCfg = Debug|Any CPU
		{C371EDB8-8E54-4189-A251-BF104E2EF442}.Debug|Any CPU.Build.0 = Debug|Any CPU
		{C371EDB8-8E54-4189-A251-BF104E2EF442}.Release|Any CPU.ActiveCfg = Release|Any CPU
		{C371EDB8-8E54-4189-A251-BF104E2EF442}.Release|Any CPU.Build.0 = Release|Any CPU
		{F7C1DB1B-D905-4A23-A056-6890055388A0}.Debug|Any CPU.ActiveCfg = Debug|Any CPU
		{F7C1DB1B-D905-4A23-A056-6890055388A0}.Debug|Any CPU.Build.0 = Debug|Any CPU
		{F7C1DB1B-D905-4A23-A056-6890055388A0}.Release|Any CPU.ActiveCfg = Release|Any CPU
		{F7C1DB1B-D905-4A23-A056-6890055388A0}.Release|Any CPU.Build.0 = Release|Any CPU
		{7FB5660A-F20E-4D84-9A77-244951FA614A}.Debug|Any CPU.ActiveCfg = Debug|Any CPU
		{7FB5660A-F20E-4D84-9A77-244951FA614A}.Debug|Any CPU.Build.0 = Debug|Any CPU
		{7FB5660A-F20E-4D84-9A77-244951FA614A}.Release|Any CPU.ActiveCfg = Release|Any CPU
		{7FB5660A-F20E-4D84-9A77-244951FA614A}.Release|Any CPU.Build.0 = Release|Any CPU
		{DB162B6A-62DC-47F8-BCB6-1A0D8BCAD5B4}.Debug|Any CPU.ActiveCfg = Debug|Any CPU
		{DB162B6A-62DC-47F8-BCB6-1A0D8BCAD5B4}.Debug|Any CPU.Build.0 = Debug|Any CPU
		{DB162B6A-62DC-47F8-BCB6-1A0D8BCAD5B4}.Release|Any CPU.ActiveCfg = Release|Any CPU
		{DB162B6A-62DC-47F8-BCB6-1A0D8BCAD5B4}.Release|Any CPU.Build.0 = Release|Any CPU
		{53414A54-C681-4B7C-AE9B-4712EAD873CD}.Debug|Any CPU.ActiveCfg = Debug|Any CPU
		{53414A54-C681-4B7C-AE9B-4712EAD873CD}.Debug|Any CPU.Build.0 = Debug|Any CPU
		{53414A54-C681-4B7C-AE9B-4712EAD873CD}.Release|Any CPU.ActiveCfg = Release|Any CPU
		{53414A54-C681-4B7C-AE9B-4712EAD873CD}.Release|Any CPU.Build.0 = Release|Any CPU
		{74E1A444-EC7A-4631-AB0D-2238B4A154B5}.Debug|Any CPU.ActiveCfg = Debug|Any CPU
		{74E1A444-EC7A-4631-AB0D-2238B4A154B5}.Debug|Any CPU.Build.0 = Debug|Any CPU
		{74E1A444-EC7A-4631-AB0D-2238B4A154B5}.Release|Any CPU.ActiveCfg = Release|Any CPU
		{74E1A444-EC7A-4631-AB0D-2238B4A154B5}.Release|Any CPU.Build.0 = Release|Any CPU
		{54D63450-203B-48B1-8F6C-8F2661DD6AFB}.Debug|Any CPU.ActiveCfg = Debug|Any CPU
		{54D63450-203B-48B1-8F6C-8F2661DD6AFB}.Debug|Any CPU.Build.0 = Debug|Any CPU
		{54D63450-203B-48B1-8F6C-8F2661DD6AFB}.Release|Any CPU.ActiveCfg = Release|Any CPU
		{54D63450-203B-48B1-8F6C-8F2661DD6AFB}.Release|Any CPU.Build.0 = Release|Any CPU
		{6078F5D4-CF28-4A7F-A19C-8A4257FEC0FA}.Debug|Any CPU.ActiveCfg = Debug|Any CPU
		{6078F5D4-CF28-4A7F-A19C-8A4257FEC0FA}.Debug|Any CPU.Build.0 = Debug|Any CPU
		{6078F5D4-CF28-4A7F-A19C-8A4257FEC0FA}.Release|Any CPU.ActiveCfg = Release|Any CPU
		{6078F5D4-CF28-4A7F-A19C-8A4257FEC0FA}.Release|Any CPU.Build.0 = Release|Any CPU
		{28925034-7FF5-4F0C-A42B-CA968FEAC56A}.Debug|Any CPU.ActiveCfg = Debug|Any CPU
		{28925034-7FF5-4F0C-A42B-CA968FEAC56A}.Debug|Any CPU.Build.0 = Debug|Any CPU
		{28925034-7FF5-4F0C-A42B-CA968FEAC56A}.Release|Any CPU.ActiveCfg = Release|Any CPU
		{28925034-7FF5-4F0C-A42B-CA968FEAC56A}.Release|Any CPU.Build.0 = Release|Any CPU
		{42776228-998C-46AE-8A92-006E8457825A}.Debug|Any CPU.ActiveCfg = Debug|Any CPU
		{42776228-998C-46AE-8A92-006E8457825A}.Debug|Any CPU.Build.0 = Debug|Any CPU
		{42776228-998C-46AE-8A92-006E8457825A}.Release|Any CPU.ActiveCfg = Release|Any CPU
		{42776228-998C-46AE-8A92-006E8457825A}.Release|Any CPU.Build.0 = Release|Any CPU
		{F04658F4-FC0C-424C-95B8-49A875F6206C}.Debug|Any CPU.ActiveCfg = Debug|Any CPU
		{F04658F4-FC0C-424C-95B8-49A875F6206C}.Debug|Any CPU.Build.0 = Debug|Any CPU
		{F04658F4-FC0C-424C-95B8-49A875F6206C}.Release|Any CPU.ActiveCfg = Release|Any CPU
		{F04658F4-FC0C-424C-95B8-49A875F6206C}.Release|Any CPU.Build.0 = Release|Any CPU
		{95557E16-085B-4666-805A-F175CC2B6BB3}.Debug|Any CPU.ActiveCfg = Debug|Any CPU
		{95557E16-085B-4666-805A-F175CC2B6BB3}.Debug|Any CPU.Build.0 = Debug|Any CPU
		{95557E16-085B-4666-805A-F175CC2B6BB3}.Release|Any CPU.ActiveCfg = Release|Any CPU
		{95557E16-085B-4666-805A-F175CC2B6BB3}.Release|Any CPU.Build.0 = Release|Any CPU
		{21524FEE-3CD6-4582-9A16-6016753D8D63}.Debug|Any CPU.ActiveCfg = Debug|Any CPU
		{21524FEE-3CD6-4582-9A16-6016753D8D63}.Debug|Any CPU.Build.0 = Debug|Any CPU
		{21524FEE-3CD6-4582-9A16-6016753D8D63}.Release|Any CPU.ActiveCfg = Release|Any CPU
		{21524FEE-3CD6-4582-9A16-6016753D8D63}.Release|Any CPU.Build.0 = Release|Any CPU
		{4B6F8B76-92A4-40D4-BB0F-7C2672C9A35C}.Debug|Any CPU.ActiveCfg = Debug|Any CPU
		{4B6F8B76-92A4-40D4-BB0F-7C2672C9A35C}.Debug|Any CPU.Build.0 = Debug|Any CPU
		{4B6F8B76-92A4-40D4-BB0F-7C2672C9A35C}.Release|Any CPU.ActiveCfg = Release|Any CPU
		{4B6F8B76-92A4-40D4-BB0F-7C2672C9A35C}.Release|Any CPU.Build.0 = Release|Any CPU
		{1BF88C43-1772-4E6B-87DA-035CCFCA8C9D}.Debug|Any CPU.ActiveCfg = Debug|Any CPU
		{1BF88C43-1772-4E6B-87DA-035CCFCA8C9D}.Debug|Any CPU.Build.0 = Debug|Any CPU
		{1BF88C43-1772-4E6B-87DA-035CCFCA8C9D}.Release|Any CPU.ActiveCfg = Release|Any CPU
		{1BF88C43-1772-4E6B-87DA-035CCFCA8C9D}.Release|Any CPU.Build.0 = Release|Any CPU
		{39DD2229-B75F-4959-9326-72BE892FC4FF}.Debug|Any CPU.ActiveCfg = Debug|Any CPU
		{39DD2229-B75F-4959-9326-72BE892FC4FF}.Debug|Any CPU.Build.0 = Debug|Any CPU
		{39DD2229-B75F-4959-9326-72BE892FC4FF}.Release|Any CPU.ActiveCfg = Release|Any CPU
		{39DD2229-B75F-4959-9326-72BE892FC4FF}.Release|Any CPU.Build.0 = Release|Any CPU
		{F57C7E3B-F44D-48E3-AD85-25D86AB2947B}.Debug|Any CPU.ActiveCfg = Debug|Any CPU
		{F57C7E3B-F44D-48E3-AD85-25D86AB2947B}.Debug|Any CPU.Build.0 = Debug|Any CPU
		{F57C7E3B-F44D-48E3-AD85-25D86AB2947B}.Release|Any CPU.ActiveCfg = Release|Any CPU
		{F57C7E3B-F44D-48E3-AD85-25D86AB2947B}.Release|Any CPU.Build.0 = Release|Any CPU
	EndGlobalSection
	GlobalSection(SolutionProperties) = preSolution
		HideSolutionNode = FALSE
	EndGlobalSection
	GlobalSection(NestedProjects) = preSolution
		{5BD42DD4-7575-4C63-9B93-78B77376CAAC} = {C46BDB18-CFD1-402F-8E1E-E9DBEA66024B}
		{0586EC5E-FE04-4CDC-B4C6-25072AF08EA6} = {5BD42DD4-7575-4C63-9B93-78B77376CAAC}
		{946CB1C4-EE23-4814-82B1-3DC129C12A7A} = {5BD42DD4-7575-4C63-9B93-78B77376CAAC}
		{53AE79FE-14D8-4267-A370-18160FD5FF98} = {5BD42DD4-7575-4C63-9B93-78B77376CAAC}
		{08D80DCB-6FEF-4615-A4F1-EE57A60189CA} = {5BD42DD4-7575-4C63-9B93-78B77376CAAC}
		{8586352C-E909-4DAF-BFE3-67F19258D1DA} = {C46BDB18-CFD1-402F-8E1E-E9DBEA66024B}
		{7195E0D7-CEA4-46FB-B05F-5C1356675632} = {C46BDB18-CFD1-402F-8E1E-E9DBEA66024B}
		{D0A0F069-6EA6-41F9-9423-ECDE196AE899} = {8586352C-E909-4DAF-BFE3-67F19258D1DA}
		{492EC799-1B8F-4426-868F-F3105573E24C} = {8586352C-E909-4DAF-BFE3-67F19258D1DA}
		{F70D0267-01F5-4F27-BDFA-FC5BEA51931F} = {8586352C-E909-4DAF-BFE3-67F19258D1DA}
		{9ED1DACA-06D6-4C70-9F36-023DA0D9877C} = {BACA9390-F662-4A47-833B-5294A92C9270}
		{6EE505DE-01E0-4D07-805E-9993781BE04C} = {A0B73802-157E-4CF5-BD54-D2CC5B76EC24}
		{FAE1523F-59A7-41F6-BFB0-BC6FE0816C66} = {A0B73802-157E-4CF5-BD54-D2CC5B76EC24}
		{89B0BE95-0E5E-4959-B988-586744CCDC3D} = {8586352C-E909-4DAF-BFE3-67F19258D1DA}
		{75F6EC35-E7F2-4ACB-92B7-4BEEC096632D} = {7195E0D7-CEA4-46FB-B05F-5C1356675632}
		{D5AA4A3A-1B50-4C63-9EEF-1C1953D5F3C7} = {7195E0D7-CEA4-46FB-B05F-5C1356675632}
		{6BD3C095-1452-4996-A6AA-32C4DA1FB846} = {5BD42DD4-7575-4C63-9B93-78B77376CAAC}
		{A7C4A201-BD50-4653-8E5C-E4296E22728C} = {8586352C-E909-4DAF-BFE3-67F19258D1DA}
		{E556039F-9D3E-4A8C-8117-B20CD6452578} = {7195E0D7-CEA4-46FB-B05F-5C1356675632}
		{C371EDB8-8E54-4189-A251-BF104E2EF442} = {8586352C-E909-4DAF-BFE3-67F19258D1DA}
		{F7C1DB1B-D905-4A23-A056-6890055388A0} = {8586352C-E909-4DAF-BFE3-67F19258D1DA}
		{7FB5660A-F20E-4D84-9A77-244951FA614A} = {E556039F-9D3E-4A8C-8117-B20CD6452578}
		{DB162B6A-62DC-47F8-BCB6-1A0D8BCAD5B4} = {E556039F-9D3E-4A8C-8117-B20CD6452578}
		{53414A54-C681-4B7C-AE9B-4712EAD873CD} = {D5AA4A3A-1B50-4C63-9EEF-1C1953D5F3C7}
		{74E1A444-EC7A-4631-AB0D-2238B4A154B5} = {D5AA4A3A-1B50-4C63-9EEF-1C1953D5F3C7}
		{54D63450-203B-48B1-8F6C-8F2661DD6AFB} = {D5AA4A3A-1B50-4C63-9EEF-1C1953D5F3C7}
		{6078F5D4-CF28-4A7F-A19C-8A4257FEC0FA} = {75F6EC35-E7F2-4ACB-92B7-4BEEC096632D}
		{28925034-7FF5-4F0C-A42B-CA968FEAC56A} = {E556039F-9D3E-4A8C-8117-B20CD6452578}
		{42776228-998C-46AE-8A92-006E8457825A} = {75F6EC35-E7F2-4ACB-92B7-4BEEC096632D}
		{F04658F4-FC0C-424C-95B8-49A875F6206C} = {75F6EC35-E7F2-4ACB-92B7-4BEEC096632D}
		{95557E16-085B-4666-805A-F175CC2B6BB3} = {E46C8B7C-0BEE-40BF-A6EE-68DC0ADFAA76}
		{21524FEE-3CD6-4582-9A16-6016753D8D63} = {5BD42DD4-7575-4C63-9B93-78B77376CAAC}
		{4B6F8B76-92A4-40D4-BB0F-7C2672C9A35C} = {5BD42DD4-7575-4C63-9B93-78B77376CAAC}
		{1BF88C43-1772-4E6B-87DA-035CCFCA8C9D} = {5BD42DD4-7575-4C63-9B93-78B77376CAAC}
		{39DD2229-B75F-4959-9326-72BE892FC4FF} = {8586352C-E909-4DAF-BFE3-67F19258D1DA}
		{F57C7E3B-F44D-48E3-AD85-25D86AB2947B} = {8586352C-E909-4DAF-BFE3-67F19258D1DA}
	EndGlobalSection
	GlobalSection(ExtensibilityGlobals) = postSolution
		SolutionGuid = {4BFC383C-CBF4-49EE-BBD6-4E95F57CF086}
	EndGlobalSection
EndGlobal
