
Microsoft Visual Studio Solution File, Format Version 12.00
# Visual Studio Version 17
VisualStudioVersion = 17.9.34701.34
MinimumVisualStudioVersion = 10.0.40219.1
Project("{2150E333-8FDC-42A3-9474-1A3956D46DE8}") = "Source", "Source", "{C46BDB18-CFD1-402F-8E1E-E9DBEA66024B}"
EndProject
Project("{2150E333-8FDC-42A3-9474-1A3956D46DE8}") = "Libraries", "Libraries", "{5BD42DD4-7575-4C63-9B93-78B77376CAAC}"
EndProject
Project("{9A19103F-16F7-4668-BE54-9A1E7A4F7556}") = "Blazr", "..\..\Libraries\Blazr\Blazr.csproj", "{0586EC5E-FE04-4CDC-B4C6-25072AF08EA6}"
EndProject
Project("{9A19103F-16F7-4668-BE54-9A1E7A4F7556}") = "Blazr.OneWayStreet", "..\..\Libraries\Blazr.OneWayStreet\Blazr.OneWayStreet.csproj", "{946CB1C4-EE23-4814-82B1-3DC129C12A7A}"
EndProject
Project("{9A19103F-16F7-4668-BE54-9A1E7A4F7556}") = "Blazr.EditStateTracker", "..\..\Libraries\Blazr.EditStateTracker\Blazr.EditStateTracker.csproj", "{53AE79FE-14D8-4267-A370-18160FD5FF98}"
EndProject
Project("{9A19103F-16F7-4668-BE54-9A1E7A4F7556}") = "Blazr.Components", "..\..\Libraries\Blazr.Components\Blazr.Components.csproj", "{08D80DCB-6FEF-4615-A4F1-EE57A60189CA}"
EndProject
Project("{2150E333-8FDC-42A3-9474-1A3956D46DE8}") = "App", "App", "{8586352C-E909-4DAF-BFE3-67F19258D1DA}"
EndProject
Project("{2150E333-8FDC-42A3-9474-1A3956D46DE8}") = "Deployments", "Deployments", "{7195E0D7-CEA4-46FB-B05F-5C1356675632}"
EndProject
Project("{9A19103F-16F7-4668-BE54-9A1E7A4F7556}") = "Blazr.App.Core", "App\Blazr.App.Core\Blazr.App.Core.csproj", "{D0A0F069-6EA6-41F9-9423-ECDE196AE899}"
EndProject
Project("{9A19103F-16F7-4668-BE54-9A1E7A4F7556}") = "Blazr.App.Presentation", "App\Blazr.App.Presentation\Blazr.App.Presentation.csproj", "{492EC799-1B8F-4426-868F-F3105573E24C}"
EndProject
Project("{9A19103F-16F7-4668-BE54-9A1E7A4F7556}") = "Blazr.App.FluentUI", "App\Blazr.App.FluentUI\Blazr.App.FluentUI.csproj", "{C194C712-4195-4890-9CF8-16A2E2442DFA}"
EndProject
Project("{9A19103F-16F7-4668-BE54-9A1E7A4F7556}") = "Blazr.App.Infrastructure", "App\Blazr.App.Infrastructure\Blazr.App.Infrastructure.csproj", "{F70D0267-01F5-4F27-BDFA-FC5BEA51931F}"
EndProject
Project("{9A19103F-16F7-4668-BE54-9A1E7A4F7556}") = "Blazr.App.Fluent.Server", "Deployments\Blazr.App.Fluent.Server\Blazr.App.Fluent.Server.csproj", "{B64A5E68-4E43-455F-B595-0024459BE1C9}"
EndProject
Global
	GlobalSection(SolutionConfigurationPlatforms) = preSolution
		Debug|Any CPU = Debug|Any CPU
		Release|Any CPU = Release|Any CPU
	EndGlobalSection
	GlobalSection(ProjectConfigurationPlatforms) = postSolution
		{0586EC5E-FE04-4CDC-B4C6-25072AF08EA6}.Debug|Any CPU.ActiveCfg = Debug|Any CPU
		{0586EC5E-FE04-4CDC-B4C6-25072AF08EA6}.Debug|Any CPU.Build.0 = Debug|Any CPU
		{0586EC5E-FE04-4CDC-B4C6-25072AF08EA6}.Release|Any CPU.ActiveCfg = Release|Any CPU
		{0586EC5E-FE04-4CDC-B4C6-25072AF08EA6}.Release|Any CPU.Build.0 = Release|Any CPU
		{946CB1C4-EE23-4814-82B1-3DC129C12A7A}.Debug|Any CPU.ActiveCfg = Debug|Any CPU
		{946CB1C4-EE23-4814-82B1-3DC129C12A7A}.Debug|Any CPU.Build.0 = Debug|Any CPU
		{946CB1C4-EE23-4814-82B1-3DC129C12A7A}.Release|Any CPU.ActiveCfg = Release|Any CPU
		{946CB1C4-EE23-4814-82B1-3DC129C12A7A}.Release|Any CPU.Build.0 = Release|Any CPU
		{53AE79FE-14D8-4267-A370-18160FD5FF98}.Debug|Any CPU.ActiveCfg = Debug|Any CPU
		{53AE79FE-14D8-4267-A370-18160FD5FF98}.Debug|Any CPU.Build.0 = Debug|Any CPU
		{53AE79FE-14D8-4267-A370-18160FD5FF98}.Release|Any CPU.ActiveCfg = Release|Any CPU
		{53AE79FE-14D8-4267-A370-18160FD5FF98}.Release|Any CPU.Build.0 = Release|Any CPU
		{08D80DCB-6FEF-4615-A4F1-EE57A60189CA}.Debug|Any CPU.ActiveCfg = Debug|Any CPU
		{08D80DCB-6FEF-4615-A4F1-EE57A60189CA}.Debug|Any CPU.Build.0 = Debug|Any CPU
		{08D80DCB-6FEF-4615-A4F1-EE57A60189CA}.Release|Any CPU.ActiveCfg = Release|Any CPU
		{08D80DCB-6FEF-4615-A4F1-EE57A60189CA}.Release|Any CPU.Build.0 = Release|Any CPU
		{D0A0F069-6EA6-41F9-9423-ECDE196AE899}.Debug|Any CPU.ActiveCfg = Debug|Any CPU
		{D0A0F069-6EA6-41F9-9423-ECDE196AE899}.Debug|Any CPU.Build.0 = Debug|Any CPU
		{D0A0F069-6EA6-41F9-9423-ECDE196AE899}.Release|Any CPU.ActiveCfg = Release|Any CPU
		{D0A0F069-6EA6-41F9-9423-ECDE196AE899}.Release|Any CPU.Build.0 = Release|Any CPU
		{492EC799-1B8F-4426-868F-F3105573E24C}.Debug|Any CPU.ActiveCfg = Debug|Any CPU
		{492EC799-1B8F-4426-868F-F3105573E24C}.Debug|Any CPU.Build.0 = Debug|Any CPU
		{492EC799-1B8F-4426-868F-F3105573E24C}.Release|Any CPU.ActiveCfg = Release|Any CPU
		{492EC799-1B8F-4426-868F-F3105573E24C}.Release|Any CPU.Build.0 = Release|Any CPU
		{C194C712-4195-4890-9CF8-16A2E2442DFA}.Debug|Any CPU.ActiveCfg = Debug|Any CPU
		{C194C712-4195-4890-9CF8-16A2E2442DFA}.Debug|Any CPU.Build.0 = Debug|Any CPU
		{C194C712-4195-4890-9CF8-16A2E2442DFA}.Release|Any CPU.ActiveCfg = Release|Any CPU
		{C194C712-4195-4890-9CF8-16A2E2442DFA}.Release|Any CPU.Build.0 = Release|Any CPU
		{F70D0267-01F5-4F27-BDFA-FC5BEA51931F}.Debug|Any CPU.ActiveCfg = Debug|Any CPU
		{F70D0267-01F5-4F27-BDFA-FC5BEA51931F}.Debug|Any CPU.Build.0 = Debug|Any CPU
		{F70D0267-01F5-4F27-BDFA-FC5BEA51931F}.Release|Any CPU.ActiveCfg = Release|Any CPU
		{F70D0267-01F5-4F27-BDFA-FC5BEA51931F}.Release|Any CPU.Build.0 = Release|Any CPU
		{B64A5E68-4E43-455F-B595-0024459BE1C9}.Debug|Any CPU.ActiveCfg = Debug|Any CPU
		{B64A5E68-4E43-455F-B595-0024459BE1C9}.Debug|Any CPU.Build.0 = Debug|Any CPU
		{B64A5E68-4E43-455F-B595-0024459BE1C9}.Release|Any CPU.ActiveCfg = Release|Any CPU
		{B64A5E68-4E43-455F-B595-0024459BE1C9}.Release|Any CPU.Build.0 = Release|Any CPU
	EndGlobalSection
	GlobalSection(SolutionProperties) = preSolution
		HideSolutionNode = FALSE
	EndGlobalSection
	GlobalSection(NestedProjects) = preSolution
		{5BD42DD4-7575-4C63-9B93-78B77376CAAC} = {C46BDB18-CFD1-402F-8E1E-E9DBEA66024B}
		{0586EC5E-FE04-4CDC-B4C6-25072AF08EA6} = {5BD42DD4-7575-4C63-9B93-78B77376CAAC}
		{946CB1C4-EE23-4814-82B1-3DC129C12A7A} = {5BD42DD4-7575-4C63-9B93-78B77376CAAC}
		{53AE79FE-14D8-4267-A370-18160FD5FF98} = {5BD42DD4-7575-4C63-9B93-78B77376CAAC}
		{08D80DCB-6FEF-4615-A4F1-EE57A60189CA} = {5BD42DD4-7575-4C63-9B93-78B77376CAAC}
		{8586352C-E909-4DAF-BFE3-67F19258D1DA} = {C46BDB18-CFD1-402F-8E1E-E9DBEA66024B}
		{7195E0D7-CEA4-46FB-B05F-5C1356675632} = {C46BDB18-CFD1-402F-8E1E-E9DBEA66024B}
		{D0A0F069-6EA6-41F9-9423-ECDE196AE899} = {8586352C-E909-4DAF-BFE3-67F19258D1DA}
		{492EC799-1B8F-4426-868F-F3105573E24C} = {8586352C-E909-4DAF-BFE3-67F19258D1DA}
		{C194C712-4195-4890-9CF8-16A2E2442DFA} = {8586352C-E909-4DAF-BFE3-67F19258D1DA}
		{F70D0267-01F5-4F27-BDFA-FC5BEA51931F} = {8586352C-E909-4DAF-BFE3-67F19258D1DA}
		{B64A5E68-4E43-455F-B595-0024459BE1C9} = {7195E0D7-CEA4-46FB-B05F-5C1356675632}
	EndGlobalSection
	GlobalSection(ExtensibilityGlobals) = postSolution
		SolutionGuid = {4BFC383C-CBF4-49EE-BBD6-4E95F57CF086}
	EndGlobalSection
EndGlobal
